
Microsoft Visual Studio Solution File, Format Version 12.00
# Visual Studio Version 17
VisualStudioVersion = 17.0.31912.275
MinimumVisualStudioVersion = 10.0.40219.1
Project("{9A19103F-16F7-4668-BE54-9A1E7A4F7556}") = "Tis.Solving.Chaos", "Tis.Solving.Chaos\Tis.Solving.Chaos.csproj", "{FE33AB57-D23D-489B-895F-66CF0C3BB360}"
EndProject
Project("{9A19103F-16F7-4668-BE54-9A1E7A4F7556}") = "Tis.Solving.Chaos.Win", "Tis.Solving.Chaos.Win\Tis.Solving.Chaos.Win.csproj", "{0D5FE0E1-F0A5-4E95-BEAC-A0F95CFF2764}"
EndProject
Project("{9A19103F-16F7-4668-BE54-9A1E7A4F7556}") = "Tis.Solving.Chaos.WinExe", "Tis.Solving.Chaos.WinExe\Tis.Solving.Chaos.WinExe.csproj", "{EBC37BA5-11DD-439A-A877-4ED82EA1E9B6}"
EndProject
Global
	GlobalSection(SolutionConfigurationPlatforms) = preSolution
		Debug|Any CPU = Debug|Any CPU
		Release|Any CPU = Release|Any CPU
	EndGlobalSection
	GlobalSection(ProjectConfigurationPlatforms) = postSolution
		{FE33AB57-D23D-489B-895F-66CF0C3BB360}.Debug|Any CPU.ActiveCfg = Debug|Any CPU
		{FE33AB57-D23D-489B-895F-66CF0C3BB360}.Debug|Any CPU.Build.0 = Debug|Any CPU
		{FE33AB57-D23D-489B-895F-66CF0C3BB360}.Release|Any CPU.ActiveCfg = Release|Any CPU
		{FE33AB57-D23D-489B-895F-66CF0C3BB360}.Release|Any CPU.Build.0 = Release|Any CPU
		{0D5FE0E1-F0A5-4E95-BEAC-A0F95CFF2764}.Debug|Any CPU.ActiveCfg = Debug|Any CPU
		{0D5FE0E1-F0A5-4E95-BEAC-A0F95CFF2764}.Debug|Any CPU.Build.0 = Debug|Any CPU
		{0D5FE0E1-F0A5-4E95-BEAC-A0F95CFF2764}.Release|Any CPU.ActiveCfg = Release|Any CPU
		{0D5FE0E1-F0A5-4E95-BEAC-A0F95CFF2764}.Release|Any CPU.Build.0 = Release|Any CPU
		{EBC37BA5-11DD-439A-A877-4ED82EA1E9B6}.Debug|Any CPU.ActiveCfg = Debug|Any CPU
		{EBC37BA5-11DD-439A-A877-4ED82EA1E9B6}.Debug|Any CPU.Build.0 = Debug|Any CPU
		{EBC37BA5-11DD-439A-A877-4ED82EA1E9B6}.Release|Any CPU.ActiveCfg = Release|Any CPU
		{EBC37BA5-11DD-439A-A877-4ED82EA1E9B6}.Release|Any CPU.Build.0 = Release|Any CPU
	EndGlobalSection
	GlobalSection(SolutionProperties) = preSolution
		HideSolutionNode = FALSE
	EndGlobalSection
	GlobalSection(ExtensibilityGlobals) = postSolution
		SolutionGuid = {0D5B8B76-660A-47D5-B2C6-CBF21CF1D891}
	EndGlobalSection
EndGlobal
